// !$*UTF8*$!
{
	archiveVersion = 1;
	classes = {
	};
	objectVersion = 46;
	objects = {

/* Begin PBXBuildFile section */
		D58B93C71DCFD17E00119269 /* AppDelegate.swift in Sources */ = {isa = PBXBuildFile; fileRef = D58B93C61DCFD17E00119269 /* AppDelegate.swift */; };
		D58B93C91DCFD17E00119269 /* ViewController.swift in Sources */ = {isa = PBXBuildFile; fileRef = D58B93C81DCFD17E00119269 /* ViewController.swift */; };
		D58B93CC1DCFD17E00119269 /* Main.storyboard in Resources */ = {isa = PBXBuildFile; fileRef = D58B93CA1DCFD17E00119269 /* Main.storyboard */; };
		D58B93CE1DCFD17E00119269 /* Assets.xcassets in Resources */ = {isa = PBXBuildFile; fileRef = D58B93CD1DCFD17E00119269 /* Assets.xcassets */; };
		D58B93D11DCFD17E00119269 /* LaunchScreen.storyboard in Resources */ = {isa = PBXBuildFile; fileRef = D58B93CF1DCFD17E00119269 /* LaunchScreen.storyboard */; };
/* End PBXBuildFile section */

/* Begin PBXFileReference section */
		D58B93C31DCFD17E00119269 /* UIStackView.app */ = {isa = PBXFileReference; explicitFileType = wrapper.application; includeInIndex = 0; path = UIStackView.app; sourceTree = BUILT_PRODUCTS_DIR; };
		D58B93C61DCFD17E00119269 /* AppDelegate.swift */ = {isa = PBXFileReference; lastKnownFileType = sourcecode.swift; path = AppDelegate.swift; sourceTree = "<group>"; };
		D58B93C81DCFD17E00119269 /* ViewController.swift */ = {isa = PBXFileReference; lastKnownFileType = sourcecode.swift; path = ViewController.swift; sourceTree = "<group>"; };
		D58B93CB1DCFD17E00119269 /* Base */ = {isa = PBXFileReference; lastKnownFileType = file.storyboard; name = Base; path = Base.lproj/Main.storyboard; sourceTree = "<group>"; };
		D58B93CD1DCFD17E00119269 /* Assets.xcassets */ = {isa = PBXFileReference; lastKnownFileType = folder.assetcatalog; path = Assets.xcassets; sourceTree = "<group>"; };
		D58B93D01DCFD17E00119269 /* Base */ = {isa = PBXFileReference; lastKnownFileType = file.storyboard; name = Base; path = Base.lproj/LaunchScreen.storyboard; sourceTree = "<group>"; };
		D58B93D21DCFD17E00119269 /* Info.plist */ = {isa = PBXFileReference; lastKnownFileType = text.plist.xml; path = Info.plist; sourceTree = "<group>"; };
/* End PBXFileReference section */

/* Begin PBXFrameworksBuildPhase section */
		D58B93C01DCFD17E00119269 /* Frameworks */ = {
			isa = PBXFrameworksBuildPhase;
			buildActionMask = 2147483647;
			files = (
			);
			runOnlyForDeploymentPostprocessing = 0;
		};
/* End PBXFrameworksBuildPhase section */

/* Begin PBXGroup section */
		D58B93BA1DCFD17E00119269 = {
			isa = PBXGroup;
			children = (
				D58B93C51DCFD17E00119269 /* UIStackView */,
				D58B93C41DCFD17E00119269 /* Products */,
			);
			sourceTree = "<group>";
		};
		D58B93C41DCFD17E00119269 /* Products */ = {
			isa = PBXGroup;
			children = (
				D58B93C31DCFD17E00119269 /* UIStackView.app */,
			);
			name = Products;
			sourceTree = "<group>";
		};
		D58B93C51DCFD17E00119269 /* UIStackView */ = {
			isa = PBXGroup;
			children = (
				D58B93C61DCFD17E00119269 /* AppDelegate.swift */,
				D58B93C81DCFD17E00119269 /* ViewController.swift */,
				D58B93CA1DCFD17E00119269 /* Main.storyboard */,
				D58B93CD1DCFD17E00119269 /* Assets.xcassets */,
				D58B93CF1DCFD17E00119269 /* LaunchScreen.storyboard */,
				D58B93D21DCFD17E00119269 /* Info.plist */,
			);
			path = UIStackView;
			sourceTree = "<group>";
		};
/* End PBXGroup section */

/* Begin PBXNativeTarget section */
		D58B93C21DCFD17E00119269 /* UIStackView */ = {
			isa = PBXNativeTarget;
			buildConfigurationList = D58B93D51DCFD17E00119269 /* Build configuration list for PBXNativeTarget "UIStackView" */;
			buildPhases = (
				D58B93BF1DCFD17E00119269 /* Sources */,
				D58B93C01DCFD17E00119269 /* Frameworks */,
				D58B93C11DCFD17E00119269 /* Resources */,
			);
			buildRules = (
			);
			dependencies = (
			);
			name = UIStackView;
			productName = UIStackView;
			productReference = D58B93C31DCFD17E00119269 /* UIStackView.app */;
			productType = "com.apple.product-type.application";
		};
/* End PBXNativeTarget section */

/* Begin PBXProject section */
		D58B93BB1DCFD17E00119269 /* Project object */ = {
			isa = PBXProject;
			attributes = {
				LastSwiftUpdateCheck = 0800;
				LastUpgradeCheck = 0800;
				ORGANIZATIONNAME = "Younoussa Ousmane Abdou";
				TargetAttributes = {
					D58B93C21DCFD17E00119269 = {
						CreatedOnToolsVersion = 8.0;
						ProvisioningStyle = Automatic;
					};
				};
			};
			buildConfigurationList = D58B93BE1DCFD17E00119269 /* Build configuration list for PBXProject "UIStackView" */;
			compatibilityVersion = "Xcode 3.2";
			developmentRegion = English;
			hasScannedForEncodings = 0;
			knownRegions = (
				en,
				Base,
			);
			mainGroup = D58B93BA1DCFD17E00119269;
			productRefGroup = D58B93C41DCFD17E00119269 /* Products */;
			projectDirPath = "";
			projectRoot = "";
			targets = (
				D58B93C21DCFD17E00119269 /* UIStackView */,
			);
		};
/* End PBXProject section */

/* Begin PBXResourcesBuildPhase section */
		D58B93C11DCFD17E00119269 /* Resources */ = {
			isa = PBXResourcesBuildPhase;
			buildActionMask = 2147483647;
			files = (
				D58B93D11DCFD17E00119269 /* LaunchScreen.storyboard in Resources */,
				D58B93CE1DCFD17E00119269 /* Assets.xcassets in Resources */,
				D58B93CC1DCFD17E00119269 /* Main.storyboard in Resources */,
			);
			runOnlyForDeploymentPostprocessing = 0;
		};
/* End PBXResourcesBuildPhase section */

/* Begin PBXSourcesBuildPhase section */
		D58B93BF1DCFD17E00119269 /* Sources */ = {
			isa = PBXSourcesBuildPhase;
			buildActionMask = 2147483647;
			files = (
				D58B93C91DCFD17E00119269 /* ViewController.swift in Sources */,
				D58B93C71DCFD17E00119269 /* AppDelegate.swift in Sources */,
			);
			runOnlyForDeploymentPostprocessing = 0;
		};
/* End PBXSourcesBuildPhase section */

/* Begin PBXVariantGroup section */
		D58B93CA1DCFD17E00119269 /* Main.storyboard */ = {
			isa = PBXVariantGroup;
			children = (
				D58B93CB1DCFD17E00119269 /* Base */,
			);
			name = Main.storyboard;
			sourceTree = "<group>";
		};
		D58B93CF1DCFD17E00119269 /* LaunchScreen.storyboard */ = {
			isa = PBXVariantGroup;
			children = (
				D58B93D01DCFD17E00119269 /* Base */,
			);
			name = LaunchScreen.storyboard;
			sourceTree = "<group>";
		};
/* End PBXVariantGroup section */

/* Begin XCBuildConfiguration section */
		D58B93D31DCFD17E00119269 /* Debug */ = {
			isa = XCBuildConfiguration;
			buildSettings = {
				ALWAYS_SEARCH_USER_PATHS = NO;
				CLANG_ANALYZER_NONNULL = YES;
				CLANG_CXX_LANGUAGE_STANDARD = "gnu++0x";
				CLANG_CXX_LIBRARY = "libc++";
				CLANG_ENABLE_MODULES = YES;
				CLANG_ENABLE_OBJC_ARC = YES;
				CLANG_WARN_BOOL_CONVERSION = YES;
				CLANG_WARN_CONSTANT_CONVERSION = YES;
				CLANG_WARN_DIRECT_OBJC_ISA_USAGE = YES_ERROR;
				CLANG_WARN_DOCUMENTATION_COMMENTS = YES;
				CLANG_WARN_EMPTY_BODY = YES;
				CLANG_WARN_ENUM_CONVERSION = YES;
				CLANG_WARN_INFINITE_RECURSION = YES;
				CLANG_WARN_INT_CONVERSION = YES;
				CLANG_WARN_OBJC_ROOT_CLASS = YES_ERROR;
				CLANG_WARN_SUSPICIOUS_MOVES = YES;
				CLANG_WARN_UNREACHABLE_CODE = YES;
				CLANG_WARN__DUPLICATE_METHOD_MATCH = YES;
				"CODE_SIGN_IDENTITY[sdk=iphoneos*]" = "iPhone Developer";
				COPY_PHASE_STRIP = NO;
				DEBUG_INFORMATION_FORMAT = dwarf;
				ENABLE_STRICT_OBJC_MSGSEND = YES;
				ENABLE_TESTABILITY = YES;
				GCC_C_LANGUAGE_STANDARD = gnu99;
				GCC_DYNAMIC_NO_PIC = NO;
				GCC_NO_COMMON_BLOCKS = YES;
				GCC_OPTIMIZATION_LEVEL = 0;
				GCC_PREPROCESSOR_DEFINITIONS = (
					"DEBUG=1",
					"$(inherited)",
				);
				GCC_WARN_64_TO_32_BIT_CONVERSION = YES;
				GCC_WARN_ABOUT_RETURN_TYPE = YES_ERROR;
				GCC_WARN_UNDECLARED_SELECTOR = YES;
				GCC_WARN_UNINITIALIZED_AUTOS = YES_AGGRESSIVE;
				GCC_WARN_UNUSED_FUNCTION = YES;
				GCC_WARN_UNUSED_VARIABLE = YES;
				IPHONEOS_DEPLOYMENT_TARGET = 10.0;
				MTL_ENABLE_DEBUG_INFO = YES;
				ONLY_ACTIVE_ARCH = YES;
				SDKROOT = iphoneos;
				SWIFT_ACTIVE_COMPILATION_CONDITIONS = DEBUG;
				SWIFT_OPTIMIZATION_LEVEL = "-Onone";
				TARGETED_DEVICE_FAMILY = "1,2";
			};
			name = Debug;
		};
		D58B93D41DCFD17E00119269 /* Release */ = {
			isa = XCBuildConfiguration;
			buildSettings = {
				ALWAYS_SEARCH_USER_PATHS = NO;
				CLANG_ANALYZER_NONNULL = YES;
				CLANG_CXX_LANGUAGE_STANDARD = "gnu++0x";
				CLANG_CXX_LIBRARY = "libc++";
				CLANG_ENABLE_MODULES = YES;
				CLANG_ENABLE_OBJC_ARC = YES;
				CLANG_WARN_BOOL_CONVERSION = YES;
				CLANG_WARN_CONSTANT_CONVERSION = YES;
				CLANG_WARN_DIRECT_OBJC_ISA_USAGE = YES_ERROR;
				CLANG_WARN_DOCUMENTATION_COMMENTS = YES;
				CLANG_WARN_EMPTY_BODY = YES;
				CLANG_WARN_ENUM_CONVERSION = YES;
				CLANG_WARN_INFINITE_RECURSION = YES;
				CLANG_WARN_INT_CONVERSION = YES;
				CLANG_WARN_OBJC_ROOT_CLASS = YES_ERROR;
				CLANG_WARN_SUSPICIOUS_MOVES = YES;
				CLANG_WARN_UNREACHABLE_CODE = YES;
				CLANG_WARN__DUPLICATE_METHOD_MATCH = YES;
				"CODE_SIGN_IDENTITY[sdk=iphoneos*]" = "iPhone Developer";
				COPY_PHASE_STRIP = NO;
				DEBUG_INFORMATION_FORMAT = "dwarf-with-dsym";
				ENABLE_NS_ASSERTIONS = NO;
				ENABLE_STRICT_OBJC_MSGSEND = YES;
				GCC_C_LANGUAGE_STANDARD = gnu99;
				GCC_NO_COMMON_BLOCKS = YES;
				GCC_WARN_64_TO_32_BIT_CONVERSION = YES;
				GCC_WARN_ABOUT_RETURN_TYPE = YES_ERROR;
				GCC_WARN_UNDECLARED_SELECTOR = YES;
				GCC_WARN_UNINITIALIZED_AUTOS = YES_AGGRESSIVE;
				GCC_WARN_UNUSED_FUNCTION = YES;
				GCC_WARN_UNUSED_VARIABLE = YES;
				IPHONEOS_DEPLOYMENT_TARGET = 10.0;
				MTL_ENABLE_DEBUG_INFO = NO;
				SDKROOT = iphoneos;
				SWIFT_OPTIMIZATION_LEVEL = "-Owholemodule";
				TARGETED_DEVICE_FAMILY = "1,2";
				VALIDATE_PRODUCT = YES;
			};
			name = Release;
		};
		D58B93D61DCFD17E00119269 /* Debug */ = {
			isa = XCBuildConfiguration;
			buildSettings = {
				ASSETCATALOG_COMPILER_APPICON_NAME = AppIcon;
				INFOPLIST_FILE = UIStackView/Info.plist;
				LD_RUNPATH_SEARCH_PATHS = "$(inherited) @executable_path/Frameworks";
				PRODUCT_BUNDLE_IDENTIFIER = com.yuso.UIStackView;
				PRODUCT_NAME = "$(TARGET_NAME)";
				SWIFT_VERSION = 3.0;
			};
			name = Debug;
		};
		D58B93D71DCFD17E00119269 /* Release */ = {
			isa = XCBuildConfiguration;
			buildSettings = {
				ASSETCATALOG_COMPILER_APPICON_NAME = AppIcon;
				INFOPLIST_FILE = UIStackView/Info.plist;
				LD_RUNPATH_SEARCH_PATHS = "$(inherited) @executable_path/Frameworks";
				PRODUCT_BUNDLE_IDENTIFIER = com.yuso.UIStackView;
				PRODUCT_NAME = "$(TARGET_NAME)";
				SWIFT_VERSION = 3.0;
			};
			name = Release;
		};
/* End XCBuildConfiguration section */

/* Begin XCConfigurationList section */
		D58B93BE1DCFD17E00119269 /* Build configuration list for PBXProject "UIStackView" */ = {
			isa = XCConfigurationList;
			buildConfigurations = (
				D58B93D31DCFD17E00119269 /* Debug */,
				D58B93D41DCFD17E00119269 /* Release */,
			);
			defaultConfigurationIsVisible = 0;
			defaultConfigurationName = Release;
		};
		D58B93D51DCFD17E00119269 /* Build configuration list for PBXNativeTarget "UIStackView" */ = {
			isa = XCConfigurationList;
			buildConfigurations = (
				D58B93D61DCFD17E00119269 /* Debug */,
				D58B93D71DCFD17E00119269 /* Release */,
			);
			defaultConfigurationIsVisible = 0;
		};
/* End XCConfigurationList section */
	};
	rootObject = D58B93BB1DCFD17E00119269 /* Project object */;
}
